
Microsoft Visual Studio Solution File, Format Version 12.00
# Visual Studio Version 16
VisualStudioVersion = 16.0.28803.452
MinimumVisualStudioVersion = 10.0.40219.1
Project("{FAE04EC0-301F-11D3-BF4B-00C04F79EFBC}") = "WindowsFormsApp1", "WindowsFormsApp1.csproj", "{11DC42AF-0840-4AC6-9604-259042E93D86}"
EndProject
Global
	GlobalSection(SolutionConfigurationPlatforms) = preSolution
		Debug|Any CPU = Debug|Any CPU
		Release|Any CPU = Release|Any CPU
	EndGlobalSection
	GlobalSection(ProjectConfigurationPlatforms) = postSolution
		{11DC42AF-0840-4AC6-9604-259042E93D86}.Debug|Any CPU.ActiveCfg = Debug|Any CPU
		{11DC42AF-0840-4AC6-9604-259042E93D86}.Debug|Any CPU.Build.0 = Debug|Any CPU
		{11DC42AF-0840-4AC6-9604-259042E93D86}.Release|Any CPU.ActiveCfg = Release|Any CPU
		{11DC42AF-0840-4AC6-9604-259042E93D86}.Release|Any CPU.Build.0 = Release|Any CPU
	EndGlobalSection
	GlobalSection(SolutionProperties) = preSolution
		HideSolutionNode = FALSE
	EndGlobalSection
	GlobalSection(ExtensibilityGlobals) = postSolution
		SolutionGuid = {E8EE7A5C-6697-4E88-B04D-3D180D4B4F70}
	EndGlobalSection
EndGlobal
